
Microsoft Visual Studio Solution File, Format Version 12.00
# Visual Studio 15
Project("{FAE04EC0-301F-11D3-BF4B-00C04F79EFBC}") = "The_Good_Place_Game", "The_Good_Place_Game\The_Good_Place_Game.csproj", "{1ABAAC77-BA1B-4CB6-B655-29E6C9748C87}"
EndProject
Project("{FAE04EC0-301F-11D3-BF4B-00C04F79EFBC}") = "The_Good_Place_Game_Windows", "The_Good_Place_Game_Windows\The_Good_Place_Game_Windows.csproj", "{9E18298D-4C86-4F6D-8CB6-FB1CB75AA82C}"
EndProject
Project("{FAE04EC0-301F-11D3-BF4B-00C04F79EFBC}") = "TheGoodPlaceGame", "TheGoodPlaceGame\TheGoodPlaceGame.csproj", "{066E7AF9-6846-4250-856A-A3BB50DD2163}"
EndProject
Project("{FAE04EC0-301F-11D3-BF4B-00C04F79EFBC}") = "NewSecretMode", "NewSecretMode\NewSecretMode.csproj", "{94E71329-B387-4222-8C1E-D08C4C56BC3A}"
EndProject
Project("{FAE04EC0-301F-11D3-BF4B-00C04F79EFBC}") = "theGoodLibrary", "theGoodLibrary\theGoodLibrary.csproj", "{B114DAEE-E628-40F8-937E-7F787C36EE92}"
EndProject
Project("{FAE04EC0-301F-11D3-BF4B-00C04F79EFBC}") = "The_Good_Place_Game_Desktop", "The_Good_Place_Game_Desktop\The_Good_Place_Game_Desktop.csproj", "{BFF834A3-A54F-413D-B4BD-B5F5F2AABF96}"
EndProject
Global
	GlobalSection(SolutionConfigurationPlatforms) = preSolution
		Debug|Any CPU = Debug|Any CPU
		Release|Any CPU = Release|Any CPU
	EndGlobalSection
	GlobalSection(ProjectConfigurationPlatforms) = postSolution
		{1ABAAC77-BA1B-4CB6-B655-29E6C9748C87}.Debug|Any CPU.ActiveCfg = Debug|Any CPU
		{1ABAAC77-BA1B-4CB6-B655-29E6C9748C87}.Debug|Any CPU.Build.0 = Debug|Any CPU
		{1ABAAC77-BA1B-4CB6-B655-29E6C9748C87}.Release|Any CPU.ActiveCfg = Release|Any CPU
		{1ABAAC77-BA1B-4CB6-B655-29E6C9748C87}.Release|Any CPU.Build.0 = Release|Any CPU
		{9E18298D-4C86-4F6D-8CB6-FB1CB75AA82C}.Debug|Any CPU.ActiveCfg = Debug|Any CPU
		{9E18298D-4C86-4F6D-8CB6-FB1CB75AA82C}.Debug|Any CPU.Build.0 = Debug|Any CPU
		{9E18298D-4C86-4F6D-8CB6-FB1CB75AA82C}.Release|Any CPU.ActiveCfg = Release|Any CPU
		{9E18298D-4C86-4F6D-8CB6-FB1CB75AA82C}.Release|Any CPU.Build.0 = Release|Any CPU
		{066E7AF9-6846-4250-856A-A3BB50DD2163}.Debug|Any CPU.ActiveCfg = Debug|Any CPU
		{066E7AF9-6846-4250-856A-A3BB50DD2163}.Debug|Any CPU.Build.0 = Debug|Any CPU
		{066E7AF9-6846-4250-856A-A3BB50DD2163}.Release|Any CPU.ActiveCfg = Release|Any CPU
		{066E7AF9-6846-4250-856A-A3BB50DD2163}.Release|Any CPU.Build.0 = Release|Any CPU
		{94E71329-B387-4222-8C1E-D08C4C56BC3A}.Debug|Any CPU.ActiveCfg = Debug|Any CPU
		{94E71329-B387-4222-8C1E-D08C4C56BC3A}.Debug|Any CPU.Build.0 = Debug|Any CPU
		{94E71329-B387-4222-8C1E-D08C4C56BC3A}.Release|Any CPU.ActiveCfg = Release|Any CPU
		{94E71329-B387-4222-8C1E-D08C4C56BC3A}.Release|Any CPU.Build.0 = Release|Any CPU
		{B114DAEE-E628-40F8-937E-7F787C36EE92}.Debug|Any CPU.ActiveCfg = Debug|Any CPU
		{B114DAEE-E628-40F8-937E-7F787C36EE92}.Debug|Any CPU.Build.0 = Debug|Any CPU
		{B114DAEE-E628-40F8-937E-7F787C36EE92}.Release|Any CPU.ActiveCfg = Release|Any CPU
		{B114DAEE-E628-40F8-937E-7F787C36EE92}.Release|Any CPU.Build.0 = Release|Any CPU
		{BFF834A3-A54F-413D-B4BD-B5F5F2AABF96}.Debug|Any CPU.ActiveCfg = Debug|Any CPU
		{BFF834A3-A54F-413D-B4BD-B5F5F2AABF96}.Debug|Any CPU.Build.0 = Debug|Any CPU
		{BFF834A3-A54F-413D-B4BD-B5F5F2AABF96}.Release|Any CPU.ActiveCfg = Release|Any CPU
		{BFF834A3-A54F-413D-B4BD-B5F5F2AABF96}.Release|Any CPU.Build.0 = Release|Any CPU
	EndGlobalSection
	GlobalSection(MonoDevelopProperties) = preSolution
		version = 0.4
	EndGlobalSection
EndGlobal
